// !$*UTF8*$!
{
	archiveVersion = 1;
	classes = {
	};
	objectVersion = 46;
	objects = {

/* Begin PBXBuildFile section */
		B38C82B71B85DC0600C1437B /* main.m in Sources */ = {isa = PBXBuildFile; fileRef = B38C82B61B85DC0600C1437B /* main.m */; };
		B38C82BA1B85DC0600C1437B /* AppDelegate.m in Sources */ = {isa = PBXBuildFile; fileRef = B38C82B91B85DC0600C1437B /* AppDelegate.m */; };
		B38C82BD1B85DC0600C1437B /* ViewController.m in Sources */ = {isa = PBXBuildFile; fileRef = B38C82BC1B85DC0600C1437B /* ViewController.m */; };
		B38C82C01B85DC0600C1437B /* Main.storyboard in Resources */ = {isa = PBXBuildFile; fileRef = B38C82BE1B85DC0600C1437B /* Main.storyboard */; };
		B38C82C21B85DC0600C1437B /* Images.xcassets in Resources */ = {isa = PBXBuildFile; fileRef = B38C82C11B85DC0600C1437B /* Images.xcassets */; };
		B38C82C51B85DC0600C1437B /* LaunchScreen.xib in Resources */ = {isa = PBXBuildFile; fileRef = B38C82C31B85DC0600C1437B /* LaunchScreen.xib */; };
		B38C82D11B85DC0600C1437B /* B05_____Tests.m in Sources */ = {isa = PBXBuildFile; fileRef = B38C82D01B85DC0600C1437B /* B05_____Tests.m */; };
		B38C82DC1B85DE4300C1437B /* CZMoviePlayerViewController.m in Sources */ = {isa = PBXBuildFile; fileRef = B38C82DB1B85DE4300C1437B /* CZMoviePlayerViewController.m */; };
		B3CB47BE1B86C8C3003FA84C /* promo_full.mp4 in Resources */ = {isa = PBXBuildFile; fileRef = B3CB47BD1B86C8C3003FA84C /* promo_full.mp4 */; };
/* End PBXBuildFile section */

/* Begin PBXContainerItemProxy section */
		B38C82CB1B85DC0600C1437B /* PBXContainerItemProxy */ = {
			isa = PBXContainerItemProxy;
			containerPortal = B38C82A91B85DC0600C1437B /* Project object */;
			proxyType = 1;
			remoteGlobalIDString = B38C82B01B85DC0600C1437B;
			remoteInfo = "B05-视频播放";
		};
/* End PBXContainerItemProxy section */

/* Begin PBXFileReference section */
		B38C82B11B85DC0600C1437B /* B05-视频播放.app */ = {isa = PBXFileReference; explicitFileType = wrapper.application; includeInIndex = 0; path = "B05-视频播放.app"; sourceTree = BUILT_PRODUCTS_DIR; };
		B38C82B51B85DC0600C1437B /* Info.plist */ = {isa = PBXFileReference; lastKnownFileType = text.plist.xml; path = Info.plist; sourceTree = "<group>"; };
		B38C82B61B85DC0600C1437B /* main.m */ = {isa = PBXFileReference; lastKnownFileType = sourcecode.c.objc; path = main.m; sourceTree = "<group>"; };
		B38C82B81B85DC0600C1437B /* AppDelegate.h */ = {isa = PBXFileReference; lastKnownFileType = sourcecode.c.h; path = AppDelegate.h; sourceTree = "<group>"; };
		B38C82B91B85DC0600C1437B /* AppDelegate.m */ = {isa = PBXFileReference; lastKnownFileType = sourcecode.c.objc; path = AppDelegate.m; sourceTree = "<group>"; };
		B38C82BB1B85DC0600C1437B /* ViewController.h */ = {isa = PBXFileReference; lastKnownFileType = sourcecode.c.h; path = ViewController.h; sourceTree = "<group>"; };
		B38C82BC1B85DC0600C1437B /* ViewController.m */ = {isa = PBXFileReference; lastKnownFileType = sourcecode.c.objc; path = ViewController.m; sourceTree = "<group>"; };
		B38C82BF1B85DC0600C1437B /* Base */ = {isa = PBXFileReference; lastKnownFileType = file.storyboard; name = Base; path = Base.lproj/Main.storyboard; sourceTree = "<group>"; };
		B38C82C11B85DC0600C1437B /* Images.xcassets */ = {isa = PBXFileReference; lastKnownFileType = folder.assetcatalog; path = Images.xcassets; sourceTree = "<group>"; };
		B38C82C41B85DC0600C1437B /* Base */ = {isa = PBXFileReference; lastKnownFileType = file.xib; name = Base; path = Base.lproj/LaunchScreen.xib; sourceTree = "<group>"; };
		B38C82CA1B85DC0600C1437B /* B05-视频播放Tests.xctest */ = {isa = PBXFileReference; explicitFileType = wrapper.cfbundle; includeInIndex = 0; path = "B05-视频播放Tests.xctest"; sourceTree = BUILT_PRODUCTS_DIR; };
		B38C82CF1B85DC0600C1437B /* Info.plist */ = {isa = PBXFileReference; lastKnownFileType = text.plist.xml; path = Info.plist; sourceTree = "<group>"; };
		B38C82D01B85DC0600C1437B /* B05_____Tests.m */ = {isa = PBXFileReference; lastKnownFileType = sourcecode.c.objc; path = "B05_____Tests.m"; sourceTree = "<group>"; };
		B38C82DA1B85DE4300C1437B /* CZMoviePlayerViewController.h */ = {isa = PBXFileReference; fileEncoding = 4; lastKnownFileType = sourcecode.c.h; path = CZMoviePlayerViewController.h; sourceTree = "<group>"; };
		B38C82DB1B85DE4300C1437B /* CZMoviePlayerViewController.m */ = {isa = PBXFileReference; fileEncoding = 4; lastKnownFileType = sourcecode.c.objc; path = CZMoviePlayerViewController.m; sourceTree = "<group>"; };
		B3CB47BD1B86C8C3003FA84C /* promo_full.mp4 */ = {isa = PBXFileReference; lastKnownFileType = file; path = promo_full.mp4; sourceTree = "<group>"; };
/* End PBXFileReference section */

/* Begin PBXFrameworksBuildPhase section */
		B38C82AE1B85DC0600C1437B /* Frameworks */ = {
			isa = PBXFrameworksBuildPhase;
			buildActionMask = 2147483647;
			files = (
			);
			runOnlyForDeploymentPostprocessing = 0;
		};
		B38C82C71B85DC0600C1437B /* Frameworks */ = {
			isa = PBXFrameworksBuildPhase;
			buildActionMask = 2147483647;
			files = (
			);
			runOnlyForDeploymentPostprocessing = 0;
		};
/* End PBXFrameworksBuildPhase section */

/* Begin PBXGroup section */
		B38C82A81B85DC0600C1437B = {
			isa = PBXGroup;
			children = (
				B38C82B31B85DC0600C1437B /* B05-视频播放 */,
				B38C82CD1B85DC0600C1437B /* B05-视频播放Tests */,
				B38C82B21B85DC0600C1437B /* Products */,
			);
			sourceTree = "<group>";
		};
		B38C82B21B85DC0600C1437B /* Products */ = {
			isa = PBXGroup;
			children = (
				B38C82B11B85DC0600C1437B /* B05-视频播放.app */,
				B38C82CA1B85DC0600C1437B /* B05-视频播放Tests.xctest */,
			);
			name = Products;
			sourceTree = "<group>";
		};
		B38C82B31B85DC0600C1437B /* B05-视频播放 */ = {
			isa = PBXGroup;
			children = (
				B38C82B81B85DC0600C1437B /* AppDelegate.h */,
				B38C82B91B85DC0600C1437B /* AppDelegate.m */,
				B38C82BB1B85DC0600C1437B /* ViewController.h */,
				B38C82BC1B85DC0600C1437B /* ViewController.m */,
				B38C82BE1B85DC0600C1437B /* Main.storyboard */,
				B38C82C11B85DC0600C1437B /* Images.xcassets */,
				B38C82C31B85DC0600C1437B /* LaunchScreen.xib */,
				B38C82B41B85DC0600C1437B /* Supporting Files */,
				B38C82DA1B85DE4300C1437B /* CZMoviePlayerViewController.h */,
				B38C82DB1B85DE4300C1437B /* CZMoviePlayerViewController.m */,
			);
			path = "B05-视频播放";
			sourceTree = "<group>";
		};
		B38C82B41B85DC0600C1437B /* Supporting Files */ = {
			isa = PBXGroup;
			children = (
				B3CB47BD1B86C8C3003FA84C /* promo_full.mp4 */,
				B38C82B51B85DC0600C1437B /* Info.plist */,
				B38C82B61B85DC0600C1437B /* main.m */,
			);
			name = "Supporting Files";
			sourceTree = "<group>";
		};
		B38C82CD1B85DC0600C1437B /* B05-视频播放Tests */ = {
			isa = PBXGroup;
			children = (
				B38C82D01B85DC0600C1437B /* B05_____Tests.m */,
				B38C82CE1B85DC0600C1437B /* Supporting Files */,
			);
			path = "B05-视频播放Tests";
			sourceTree = "<group>";
		};
		B38C82CE1B85DC0600C1437B /* Supporting Files */ = {
			isa = PBXGroup;
			children = (
				B38C82CF1B85DC0600C1437B /* Info.plist */,
			);
			name = "Supporting Files";
			sourceTree = "<group>";
		};
/* End PBXGroup section */

/* Begin PBXNativeTarget section */
		B38C82B01B85DC0600C1437B /* B05-视频播放 */ = {
			isa = PBXNativeTarget;
			buildConfigurationList = B38C82D41B85DC0600C1437B /* Build configuration list for PBXNativeTarget "B05-视频播放" */;
			buildPhases = (
				B38C82AD1B85DC0600C1437B /* Sources */,
				B38C82AE1B85DC0600C1437B /* Frameworks */,
				B38C82AF1B85DC0600C1437B /* Resources */,
			);
			buildRules = (
			);
			dependencies = (
			);
			name = "B05-视频播放";
			productName = "B05-视频播放";
			productReference = B38C82B11B85DC0600C1437B /* B05-视频播放.app */;
			productType = "com.apple.product-type.application";
		};
		B38C82C91B85DC0600C1437B /* B05-视频播放Tests */ = {
			isa = PBXNativeTarget;
			buildConfigurationList = B38C82D71B85DC0600C1437B /* Build configuration list for PBXNativeTarget "B05-视频播放Tests" */;
			buildPhases = (
				B38C82C61B85DC0600C1437B /* Sources */,
				B38C82C71B85DC0600C1437B /* Frameworks */,
				B38C82C81B85DC0600C1437B /* Resources */,
			);
			buildRules = (
			);
			dependencies = (
				B38C82CC1B85DC0600C1437B /* PBXTargetDependency */,
			);
			name = "B05-视频播放Tests";
			productName = "B05-视频播放Tests";
			productReference = B38C82CA1B85DC0600C1437B /* B05-视频播放Tests.xctest */;
			productType = "com.apple.product-type.bundle.unit-test";
		};
/* End PBXNativeTarget section */

/* Begin PBXProject section */
		B38C82A91B85DC0600C1437B /* Project object */ = {
			isa = PBXProject;
			attributes = {
				LastUpgradeCheck = 0640;
				ORGANIZATIONNAME = leo;
				TargetAttributes = {
					B38C82B01B85DC0600C1437B = {
						CreatedOnToolsVersion = 6.4;
					};
					B38C82C91B85DC0600C1437B = {
						CreatedOnToolsVersion = 6.4;
						TestTargetID = B38C82B01B85DC0600C1437B;
					};
				};
			};
			buildConfigurationList = B38C82AC1B85DC0600C1437B /* Build configuration list for PBXProject "B05-视频播放" */;
			compatibilityVersion = "Xcode 3.2";
			developmentRegion = English;
			hasScannedForEncodings = 0;
			knownRegions = (
				en,
				Base,
			);
			mainGroup = B38C82A81B85DC0600C1437B;
			productRefGroup = B38C82B21B85DC0600C1437B /* Products */;
			projectDirPath = "";
			projectRoot = "";
			targets = (
				B38C82B01B85DC0600C1437B /* B05-视频播放 */,
				B38C82C91B85DC0600C1437B /* B05-视频播放Tests */,
			);
		};
/* End PBXProject section */

/* Begin PBXResourcesBuildPhase section */
		B38C82AF1B85DC0600C1437B /* Resources */ = {
			isa = PBXResourcesBuildPhase;
			buildActionMask = 2147483647;
			files = (
				B3CB47BE1B86C8C3003FA84C /* promo_full.mp4 in Resources */,
				B38C82C01B85DC0600C1437B /* Main.storyboard in Resources */,
				B38C82C51B85DC0600C1437B /* LaunchScreen.xib in Resources */,
				B38C82C21B85DC0600C1437B /* Images.xcassets in Resources */,
			);
			runOnlyForDeploymentPostprocessing = 0;
		};
		B38C82C81B85DC0600C1437B /* Resources */ = {
			isa = PBXResourcesBuildPhase;
			buildActionMask = 2147483647;
			files = (
			);
			runOnlyForDeploymentPostprocessing = 0;
		};
/* End PBXResourcesBuildPhase section */

/* Begin PBXSourcesBuildPhase section */
		B38C82AD1B85DC0600C1437B /* Sources */ = {
			isa = PBXSourcesBuildPhase;
			buildActionMask = 2147483647;
			files = (
				B38C82BD1B85DC0600C1437B /* ViewController.m in Sources */,
				B38C82DC1B85DE4300C1437B /* CZMoviePlayerViewController.m in Sources */,
				B38C82BA1B85DC0600C1437B /* AppDelegate.m in Sources */,
				B38C82B71B85DC0600C1437B /* main.m in Sources */,
			);
			runOnlyForDeploymentPostprocessing = 0;
		};
		B38C82C61B85DC0600C1437B /* Sources */ = {
			isa = PBXSourcesBuildPhase;
			buildActionMask = 2147483647;
			files = (
				B38C82D11B85DC0600C1437B /* B05_____Tests.m in Sources */,
			);
			runOnlyForDeploymentPostprocessing = 0;
		};
/* End PBXSourcesBuildPhase section */

/* Begin PBXTargetDependency section */
		B38C82CC1B85DC0600C1437B /* PBXTargetDependency */ = {
			isa = PBXTargetDependency;
			target = B38C82B01B85DC0600C1437B /* B05-视频播放 */;
			targetProxy = B38C82CB1B85DC0600C1437B /* PBXContainerItemProxy */;
		};
/* End PBXTargetDependency section */

/* Begin PBXVariantGroup section */
		B38C82BE1B85DC0600C1437B /* Main.storyboard */ = {
			isa = PBXVariantGroup;
			children = (
				B38C82BF1B85DC0600C1437B /* Base */,
			);
			name = Main.storyboard;
			sourceTree = "<group>";
		};
		B38C82C31B85DC0600C1437B /* LaunchScreen.xib */ = {
			isa = PBXVariantGroup;
			children = (
				B38C82C41B85DC0600C1437B /* Base */,
			);
			name = LaunchScreen.xib;
			sourceTree = "<group>";
		};
/* End PBXVariantGroup section */

/* Begin XCBuildConfiguration section */
		B38C82D21B85DC0600C1437B /* Debug */ = {
			isa = XCBuildConfiguration;
			buildSettings = {
				ALWAYS_SEARCH_USER_PATHS = NO;
				CLANG_CXX_LANGUAGE_STANDARD = "gnu++0x";
				CLANG_CXX_LIBRARY = "libc++";
				CLANG_ENABLE_MODULES = YES;
				CLANG_ENABLE_OBJC_ARC = YES;
				CLANG_WARN_BOOL_CONVERSION = YES;
				CLANG_WARN_CONSTANT_CONVERSION = YES;
				CLANG_WARN_DIRECT_OBJC_ISA_USAGE = YES_ERROR;
				CLANG_WARN_EMPTY_BODY = YES;
				CLANG_WARN_ENUM_CONVERSION = YES;
				CLANG_WARN_INT_CONVERSION = YES;
				CLANG_WARN_OBJC_ROOT_CLASS = YES_ERROR;
				CLANG_WARN_UNREACHABLE_CODE = YES;
				CLANG_WARN__DUPLICATE_METHOD_MATCH = YES;
				"CODE_SIGN_IDENTITY[sdk=iphoneos*]" = "iPhone Developer";
				COPY_PHASE_STRIP = NO;
				DEBUG_INFORMATION_FORMAT = "dwarf-with-dsym";
				ENABLE_STRICT_OBJC_MSGSEND = YES;
				GCC_C_LANGUAGE_STANDARD = gnu99;
				GCC_DYNAMIC_NO_PIC = NO;
				GCC_NO_COMMON_BLOCKS = YES;
				GCC_OPTIMIZATION_LEVEL = 0;
				GCC_PREPROCESSOR_DEFINITIONS = (
					"DEBUG=1",
					"$(inherited)",
				);
				GCC_SYMBOLS_PRIVATE_EXTERN = NO;
				GCC_WARN_64_TO_32_BIT_CONVERSION = YES;
				GCC_WARN_ABOUT_RETURN_TYPE = YES_ERROR;
				GCC_WARN_UNDECLARED_SELECTOR = YES;
				GCC_WARN_UNINITIALIZED_AUTOS = YES_AGGRESSIVE;
				GCC_WARN_UNUSED_FUNCTION = YES;
				GCC_WARN_UNUSED_VARIABLE = YES;
				IPHONEOS_DEPLOYMENT_TARGET = 8.4;
				MTL_ENABLE_DEBUG_INFO = YES;
				ONLY_ACTIVE_ARCH = YES;
				SDKROOT = iphoneos;
			};
			name = Debug;
		};
		B38C82D31B85DC0600C1437B /* Release */ = {
			isa = XCBuildConfiguration;
			buildSettings = {
				ALWAYS_SEARCH_USER_PATHS = NO;
				CLANG_CXX_LANGUAGE_STANDARD = "gnu++0x";
				CLANG_CXX_LIBRARY = "libc++";
				CLANG_ENABLE_MODULES = YES;
				CLANG_ENABLE_OBJC_ARC = YES;
				CLANG_WARN_BOOL_CONVERSION = YES;
				CLANG_WARN_CONSTANT_CONVERSION = YES;
				CLANG_WARN_DIRECT_OBJC_ISA_USAGE = YES_ERROR;
				CLANG_WARN_EMPTY_BODY = YES;
				CLANG_WARN_ENUM_CONVERSION = YES;
				CLANG_WARN_INT_CONVERSION = YES;
				CLANG_WARN_OBJC_ROOT_CLASS = YES_ERROR;
				CLANG_WARN_UNREACHABLE_CODE = YES;
				CLANG_WARN__DUPLICATE_METHOD_MATCH = YES;
				"CODE_SIGN_IDENTITY[sdk=iphoneos*]" = "iPhone Developer";
				COPY_PHASE_STRIP = NO;
				DEBUG_INFORMATION_FORMAT = "dwarf-with-dsym";
				ENABLE_NS_ASSERTIONS = NO;
				ENABLE_STRICT_OBJC_MSGSEND = YES;
				GCC_C_LANGUAGE_STANDARD = gnu99;
				GCC_NO_COMMON_BLOCKS = YES;
				GCC_WARN_64_TO_32_BIT_CONVERSION = YES;
				GCC_WARN_ABOUT_RETURN_TYPE = YES_ERROR;
				GCC_WARN_UNDECLARED_SELECTOR = YES;
				GCC_WARN_UNINITIALIZED_AUTOS = YES_AGGRESSIVE;
				GCC_WARN_UNUSED_FUNCTION = YES;
				GCC_WARN_UNUSED_VARIABLE = YES;
				IPHONEOS_DEPLOYMENT_TARGET = 8.4;
				MTL_ENABLE_DEBUG_INFO = NO;
				SDKROOT = iphoneos;
				VALIDATE_PRODUCT = YES;
			};
			name = Release;
		};
		B38C82D51B85DC0600C1437B /* Debug */ = {
			isa = XCBuildConfiguration;
			buildSettings = {
				ASSETCATALOG_COMPILER_APPICON_NAME = AppIcon;
				INFOPLIST_FILE = "B05-视频播放/Info.plist";
				LD_RUNPATH_SEARCH_PATHS = "$(inherited) @executable_path/Frameworks";
				PRODUCT_NAME = "$(TARGET_NAME)";
			};
			name = Debug;
		};
		B38C82D61B85DC0600C1437B /* Release */ = {
			isa = XCBuildConfiguration;
			buildSettings = {
				ASSETCATALOG_COMPILER_APPICON_NAME = AppIcon;
				INFOPLIST_FILE = "B05-视频播放/Info.plist";
				LD_RUNPATH_SEARCH_PATHS = "$(inherited) @executable_path/Frameworks";
				PRODUCT_NAME = "$(TARGET_NAME)";
			};
			name = Release;
		};
		B38C82D81B85DC0600C1437B /* Debug */ = {
			isa = XCBuildConfiguration;
			buildSettings = {
				BUNDLE_LOADER = "$(TEST_HOST)";
				FRAMEWORK_SEARCH_PATHS = (
					"$(SDKROOT)/Developer/Library/Frameworks",
					"$(inherited)",
				);
				GCC_PREPROCESSOR_DEFINITIONS = (
					"DEBUG=1",
					"$(inherited)",
				);
				INFOPLIST_FILE = "B05-视频播放Tests/Info.plist";
				LD_RUNPATH_SEARCH_PATHS = "$(inherited) @executable_path/Frameworks @loader_path/Frameworks";
				PRODUCT_NAME = "$(TARGET_NAME)";
				TEST_HOST = "$(BUILT_PRODUCTS_DIR)/B05-视频播放.app/B05-视频播放";
			};
			name = Debug;
		};
		B38C82D91B85DC0600C1437B /* Release */ = {
			isa = XCBuildConfiguration;
			buildSettings = {
				BUNDLE_LOADER = "$(TEST_HOST)";
				FRAMEWORK_SEARCH_PATHS = (
					"$(SDKROOT)/Developer/Library/Frameworks",
					"$(inherited)",
				);
				INFOPLIST_FILE = "B05-视频播放Tests/Info.plist";
				LD_RUNPATH_SEARCH_PATHS = "$(inherited) @executable_path/Frameworks @loader_path/Frameworks";
				PRODUCT_NAME = "$(TARGET_NAME)";
				TEST_HOST = "$(BUILT_PRODUCTS_DIR)/B05-视频播放.app/B05-视频播放";
			};
			name = Release;
		};
/* End XCBuildConfiguration section */

/* Begin XCConfigurationList section */
		B38C82AC1B85DC0600C1437B /* Build configuration list for PBXProject "B05-视频播放" */ = {
			isa = XCConfigurationList;
			buildConfigurations = (
				B38C82D21B85DC0600C1437B /* Debug */,
				B38C82D31B85DC0600C1437B /* Release */,
			);
			defaultConfigurationIsVisible = 0;
			defaultConfigurationName = Release;
		};
		B38C82D41B85DC0600C1437B /* Build configuration list for PBXNativeTarget "B05-视频播放" */ = {
			isa = XCConfigurationList;
			buildConfigurations = (
				B38C82D51B85DC0600C1437B /* Debug */,
				B38C82D61B85DC0600C1437B /* Release */,
			);
			defaultConfigurationIsVisible = 0;
			defaultConfigurationName = Release;
		};
		B38C82D71B85DC0600C1437B /* Build configuration list for PBXNativeTarget "B05-视频播放Tests" */ = {
			isa = XCConfigurationList;
			buildConfigurations = (
				B38C82D81B85DC0600C1437B /* Debug */,
				B38C82D91B85DC0600C1437B /* Release */,
			);
			defaultConfigurationIsVisible = 0;
			defaultConfigurationName = Release;
		};
/* End XCConfigurationList section */
	};
	rootObject = B38C82A91B85DC0600C1437B /* Project object */;
}
